
Microsoft Visual Studio Solution File, Format Version 12.00
# Visual Studio Version 16
VisualStudioVersion = 16.0.29519.87
MinimumVisualStudioVersion = 10.0.40219.1
Project("{FAE04EC0-301F-11D3-BF4B-00C04F79EFBC}") = "XO", "XO\XO.csproj", "{368158A3-979C-4B0D-914A-B9190DA39432}"
EndProject
Global
	GlobalSection(SolutionConfigurationPlatforms) = preSolution
		Debug|Any CPU = Debug|Any CPU
		Release|Any CPU = Release|Any CPU
	EndGlobalSection
	GlobalSection(ProjectConfigurationPlatforms) = postSolution
		{368158A3-979C-4B0D-914A-B9190DA39432}.Debug|Any CPU.ActiveCfg = Debug|Any CPU
		{368158A3-979C-4B0D-914A-B9190DA39432}.Debug|Any CPU.Build.0 = Debug|Any CPU
		{368158A3-979C-4B0D-914A-B9190DA39432}.Release|Any CPU.ActiveCfg = Release|Any CPU
		{368158A3-979C-4B0D-914A-B9190DA39432}.Release|Any CPU.Build.0 = Release|Any CPU
	EndGlobalSection
	GlobalSection(SolutionProperties) = preSolution
		HideSolutionNode = FALSE
	EndGlobalSection
	GlobalSection(ExtensibilityGlobals) = postSolution
		SolutionGuid = {5807BB00-FAEE-43BD-93CA-A8AA5478661B}
	EndGlobalSection
EndGlobal
